golang.org/x/exp v0.0.0-20231127185646-65229373498e h1:Gvh4YaCaXNs6dKTlfgismwWZKyjVZXwOPfIyUaqU3No=
golang.org/x/exp v0.0.0-20231127185646-65229373498e/go.mod h1:iRJReGqOEeBhDZGkGbynYwcHlctCvnjTYIamk7uXpHI=
k8s.io/utils v0.0.0-20231127182322-b307cd553661 h1:FepOBzJ0GXm8t0su67ln2wAZjbQ6RxQGZDnzuLcrUTI=
k8s.io/utils v0.0.0-20231127182322-b307cd553661/go.mod h1:OLgZIPagt7ERELqWJFomSt595RzquPNLL48iOWgYOg0=
